// !$*UTF8*$!
{
	archiveVersion = 1;
	classes = {
	};
	objectVersion = 50;
	objects = {

/* Begin PBXBuildFile section */
		B0B6475025092DDC00418581 /* AppDelegate.m in Sources */ = {isa = PBXBuildFile; fileRef = B0B6474F25092DDC00418581 /* AppDelegate.m */; };
		B0B6475325092DDC00418581 /* SceneDelegate.m in Sources */ = {isa = PBXBuildFile; fileRef = B0B6475225092DDC00418581 /* SceneDelegate.m */; };
		B0B6475925092DDC00418581 /* Main.storyboard in Resources */ = {isa = PBXBuildFile; fileRef = B0B6475725092DDC00418581 /* Main.storyboard */; };
		B0B6475C25092DDC00418581 /* KxMemoObjC.xcdatamodeld in Sources */ = {isa = PBXBuildFile; fileRef = B0B6475A25092DDC00418581 /* KxMemoObjC.xcdatamodeld */; };
		B0B6475E25092DDE00418581 /* Assets.xcassets in Resources */ = {isa = PBXBuildFile; fileRef = B0B6475D25092DDE00418581 /* Assets.xcassets */; };
		B0B6476125092DDE00418581 /* LaunchScreen.storyboard in Resources */ = {isa = PBXBuildFile; fileRef = B0B6475F25092DDE00418581 /* LaunchScreen.storyboard */; };
		B0B6476425092DDE00418581 /* main.m in Sources */ = {isa = PBXBuildFile; fileRef = B0B6476325092DDE00418581 /* main.m */; };
		B0B6476D250BC4FC00418581 /* Memo.m in Sources */ = {isa = PBXBuildFile; fileRef = B0B6476C250BC4FC00418581 /* Memo.m */; };
		B0B64770250BC85400418581 /* MemoListTableViewController.m in Sources */ = {isa = PBXBuildFile; fileRef = B0B6476F250BC85400418581 /* MemoListTableViewController.m */; };
/* End PBXBuildFile section */

/* Begin PBXFileReference section */
		B0B6474B25092DDC00418581 /* KxMemo.app */ = {isa = PBXFileReference; explicitFileType = wrapper.application; includeInIndex = 0; path = KxMemo.app; sourceTree = BUILT_PRODUCTS_DIR; };
		B0B6474E25092DDC00418581 /* AppDelegate.h */ = {isa = PBXFileReference; lastKnownFileType = sourcecode.c.h; path = AppDelegate.h; sourceTree = "<group>"; };
		B0B6474F25092DDC00418581 /* AppDelegate.m */ = {isa = PBXFileReference; lastKnownFileType = sourcecode.c.objc; path = AppDelegate.m; sourceTree = "<group>"; };
		B0B6475125092DDC00418581 /* SceneDelegate.h */ = {isa = PBXFileReference; lastKnownFileType = sourcecode.c.h; path = SceneDelegate.h; sourceTree = "<group>"; };
		B0B6475225092DDC00418581 /* SceneDelegate.m */ = {isa = PBXFileReference; lastKnownFileType = sourcecode.c.objc; path = SceneDelegate.m; sourceTree = "<group>"; };
		B0B6475825092DDC00418581 /* Base */ = {isa = PBXFileReference; lastKnownFileType = file.storyboard; name = Base; path = Base.lproj/Main.storyboard; sourceTree = "<group>"; };
		B0B6475B25092DDC00418581 /* KxMemoObjC.xcdatamodel */ = {isa = PBXFileReference; lastKnownFileType = wrapper.xcdatamodel; path = KxMemoObjC.xcdatamodel; sourceTree = "<group>"; };
		B0B6475D25092DDE00418581 /* Assets.xcassets */ = {isa = PBXFileReference; lastKnownFileType = folder.assetcatalog; path = Assets.xcassets; sourceTree = "<group>"; };
		B0B6476025092DDE00418581 /* Base */ = {isa = PBXFileReference; lastKnownFileType = file.storyboard; name = Base; path = Base.lproj/LaunchScreen.storyboard; sourceTree = "<group>"; };
		B0B6476225092DDE00418581 /* Info.plist */ = {isa = PBXFileReference; lastKnownFileType = text.plist.xml; path = Info.plist; sourceTree = "<group>"; };
		B0B6476325092DDE00418581 /* main.m */ = {isa = PBXFileReference; lastKnownFileType = sourcecode.c.objc; path = main.m; sourceTree = "<group>"; };
		B0B6476B250BC4FC00418581 /* Memo.h */ = {isa = PBXFileReference; lastKnownFileType = sourcecode.c.h; path = Memo.h; sourceTree = "<group>"; };
		B0B6476C250BC4FC00418581 /* Memo.m */ = {isa = PBXFileReference; lastKnownFileType = sourcecode.c.objc; path = Memo.m; sourceTree = "<group>"; };
		B0B6476E250BC85400418581 /* MemoListTableViewController.h */ = {isa = PBXFileReference; lastKnownFileType = sourcecode.c.h; path = MemoListTableViewController.h; sourceTree = "<group>"; };
		B0B6476F250BC85400418581 /* MemoListTableViewController.m */ = {isa = PBXFileReference; lastKnownFileType = sourcecode.c.objc; path = MemoListTableViewController.m; sourceTree = "<group>"; };
/* End PBXFileReference section */

/* Begin PBXFrameworksBuildPhase section */
		B0B6474825092DDC00418581 /* Frameworks */ = {
			isa = PBXFrameworksBuildPhase;
			buildActionMask = 2147483647;
			files = (
			);
			runOnlyForDeploymentPostprocessing = 0;
		};
/* End PBXFrameworksBuildPhase section */

/* Begin PBXGroup section */
		B0B6474225092DDC00418581 = {
			isa = PBXGroup;
			children = (
				B0B6474D25092DDC00418581 /* KxMemoObjC */,
				B0B6474C25092DDC00418581 /* Products */,
			);
			sourceTree = "<group>";
		};
		B0B6474C25092DDC00418581 /* Products */ = {
			isa = PBXGroup;
			children = (
				B0B6474B25092DDC00418581 /* KxMemo.app */,
			);
			name = Products;
			sourceTree = "<group>";
		};
		B0B6474D25092DDC00418581 /* KxMemoObjC */ = {
			isa = PBXGroup;
			children = (
				B0B6476A250BC4CA00418581 /* Model */,
				B0B6474E25092DDC00418581 /* AppDelegate.h */,
				B0B6474F25092DDC00418581 /* AppDelegate.m */,
				B0B6475125092DDC00418581 /* SceneDelegate.h */,
				B0B6475225092DDC00418581 /* SceneDelegate.m */,
				B0B6475725092DDC00418581 /* Main.storyboard */,
				B0B6475D25092DDE00418581 /* Assets.xcassets */,
				B0B6475F25092DDE00418581 /* LaunchScreen.storyboard */,
				B0B6476225092DDE00418581 /* Info.plist */,
				B0B6476325092DDE00418581 /* main.m */,
				B0B6475A25092DDC00418581 /* KxMemoObjC.xcdatamodeld */,
				B0B6476E250BC85400418581 /* MemoListTableViewController.h */,
				B0B6476F250BC85400418581 /* MemoListTableViewController.m */,
			);
			path = KxMemoObjC;
			sourceTree = "<group>";
		};
		B0B6476A250BC4CA00418581 /* Model */ = {
			isa = PBXGroup;
			children = (
				B0B6476B250BC4FC00418581 /* Memo.h */,
				B0B6476C250BC4FC00418581 /* Memo.m */,
			);
			path = Model;
			sourceTree = "<group>";
		};
/* End PBXGroup section */

/* Begin PBXNativeTarget section */
		B0B6474A25092DDC00418581 /* KxMemoObjC */ = {
			isa = PBXNativeTarget;
			buildConfigurationList = B0B6476725092DDE00418581 /* Build configuration list for PBXNativeTarget "KxMemoObjC" */;
			buildPhases = (
				B0B6474725092DDC00418581 /* Sources */,
				B0B6474825092DDC00418581 /* Frameworks */,
				B0B6474925092DDC00418581 /* Resources */,
			);
			buildRules = (
			);
			dependencies = (
			);
			name = KxMemoObjC;
			productName = KxMemoObjC;
			productReference = B0B6474B25092DDC00418581 /* KxMemo.app */;
			productType = "com.apple.product-type.application";
		};
/* End PBXNativeTarget section */

/* Begin PBXProject section */
		B0B6474325092DDC00418581 /* Project object */ = {
			isa = PBXProject;
			attributes = {
				LastUpgradeCheck = 1170;
				ORGANIZATIONNAME = "이다훈";
				TargetAttributes = {
					B0B6474A25092DDC00418581 = {
						CreatedOnToolsVersion = 11.7;
					};
				};
			};
			buildConfigurationList = B0B6474625092DDC00418581 /* Build configuration list for PBXProject "KxMemoObjC" */;
			compatibilityVersion = "Xcode 9.3";
			developmentRegion = en;
			hasScannedForEncodings = 0;
			knownRegions = (
				en,
				Base,
			);
			mainGroup = B0B6474225092DDC00418581;
			productRefGroup = B0B6474C25092DDC00418581 /* Products */;
			projectDirPath = "";
			projectRoot = "";
			targets = (
				B0B6474A25092DDC00418581 /* KxMemoObjC */,
			);
		};
/* End PBXProject section */

/* Begin PBXResourcesBuildPhase section */
		B0B6474925092DDC00418581 /* Resources */ = {
			isa = PBXResourcesBuildPhase;
			buildActionMask = 2147483647;
			files = (
				B0B6476125092DDE00418581 /* LaunchScreen.storyboard in Resources */,
				B0B6475E25092DDE00418581 /* Assets.xcassets in Resources */,
				B0B6475925092DDC00418581 /* Main.storyboard in Resources */,
			);
			runOnlyForDeploymentPostprocessing = 0;
		};
/* End PBXResourcesBuildPhase section */

/* Begin PBXSourcesBuildPhase section */
		B0B6474725092DDC00418581 /* Sources */ = {
			isa = PBXSourcesBuildPhase;
			buildActionMask = 2147483647;
			files = (
				B0B6476D250BC4FC00418581 /* Memo.m in Sources */,
				B0B64770250BC85400418581 /* MemoListTableViewController.m in Sources */,
				B0B6476425092DDE00418581 /* main.m in Sources */,
				B0B6475025092DDC00418581 /* AppDelegate.m in Sources */,
				B0B6475C25092DDC00418581 /* KxMemoObjC.xcdatamodeld in Sources */,
				B0B6475325092DDC00418581 /* SceneDelegate.m in Sources */,
			);
			runOnlyForDeploymentPostprocessing = 0;
		};
/* End PBXSourcesBuildPhase section */

/* Begin PBXVariantGroup section */
		B0B6475725092DDC00418581 /* Main.storyboard */ = {
			isa = PBXVariantGroup;
			children = (
				B0B6475825092DDC00418581 /* Base */,
			);
			name = Main.storyboard;
			sourceTree = "<group>";
		};
		B0B6475F25092DDE00418581 /* LaunchScreen.storyboard */ = {
			isa = PBXVariantGroup;
			children = (
				B0B6476025092DDE00418581 /* Base */,
			);
			name = LaunchScreen.storyboard;
			sourceTree = "<group>";
		};
/* End PBXVariantGroup section */

/* Begin XCBuildConfiguration section */
		B0B6476525092DDE00418581 /* Debug */ = {
			isa = XCBuildConfiguration;
			buildSettings = {
				ALWAYS_SEARCH_USER_PATHS = NO;
				CLANG_ANALYZER_NONNULL = YES;
				CLANG_ANALYZER_NUMBER_OBJECT_CONVERSION = YES_AGGRESSIVE;
				CLANG_CXX_LANGUAGE_STANDARD = "gnu++14";
				CLANG_CXX_LIBRARY = "libc++";
				CLANG_ENABLE_MODULES = YES;
				CLANG_ENABLE_OBJC_ARC = YES;
				CLANG_ENABLE_OBJC_WEAK = YES;
				CLANG_WARN_BLOCK_CAPTURE_AUTORELEASING = YES;
				CLANG_WARN_BOOL_CONVERSION = YES;
				CLANG_WARN_COMMA = YES;
				CLANG_WARN_CONSTANT_CONVERSION = YES;
				CLANG_WARN_DEPRECATED_OBJC_IMPLEMENTATIONS = YES;
				CLANG_WARN_DIRECT_OBJC_ISA_USAGE = YES_ERROR;
				CLANG_WARN_DOCUMENTATION_COMMENTS = YES;
				CLANG_WARN_EMPTY_BODY = YES;
				CLANG_WARN_ENUM_CONVERSION = YES;
				CLANG_WARN_INFINITE_RECURSION = YES;
				CLANG_WARN_INT_CONVERSION = YES;
				CLANG_WARN_NON_LITERAL_NULL_CONVERSION = YES;
				CLANG_WARN_OBJC_IMPLICIT_RETAIN_SELF = YES;
				CLANG_WARN_OBJC_LITERAL_CONVERSION = YES;
				CLANG_WARN_OBJC_ROOT_CLASS = YES_ERROR;
				CLANG_WARN_RANGE_LOOP_ANALYSIS = YES;
				CLANG_WARN_STRICT_PROTOTYPES = YES;
				CLANG_WARN_SUSPICIOUS_MOVE = YES;
				CLANG_WARN_UNGUARDED_AVAILABILITY = YES_AGGRESSIVE;
				CLANG_WARN_UNREACHABLE_CODE = YES;
				CLANG_WARN__DUPLICATE_METHOD_MATCH = YES;
				COPY_PHASE_STRIP = NO;
				DEBUG_INFORMATION_FORMAT = dwarf;
				ENABLE_STRICT_OBJC_MSGSEND = YES;
				ENABLE_TESTABILITY = YES;
				GCC_C_LANGUAGE_STANDARD = gnu11;
				GCC_DYNAMIC_NO_PIC = NO;
				GCC_NO_COMMON_BLOCKS = YES;
				GCC_OPTIMIZATION_LEVEL = 0;
				GCC_PREPROCESSOR_DEFINITIONS = (
					"DEBUG=1",
					"$(inherited)",
				);
				GCC_WARN_64_TO_32_BIT_CONVERSION = YES;
				GCC_WARN_ABOUT_RETURN_TYPE = YES_ERROR;
				GCC_WARN_UNDECLARED_SELECTOR = YES;
				GCC_WARN_UNINITIALIZED_AUTOS = YES_AGGRESSIVE;
				GCC_WARN_UNUSED_FUNCTION = YES;
				GCC_WARN_UNUSED_VARIABLE = YES;
				IPHONEOS_DEPLOYMENT_TARGET = 13.7;
				MTL_ENABLE_DEBUG_INFO = INCLUDE_SOURCE;
				MTL_FAST_MATH = YES;
				ONLY_ACTIVE_ARCH = YES;
				SDKROOT = iphoneos;
			};
			name = Debug;
		};
		B0B6476625092DDE00418581 /* Release */ = {
			isa = XCBuildConfiguration;
			buildSettings = {
				ALWAYS_SEARCH_USER_PATHS = NO;
				CLANG_ANALYZER_NONNULL = YES;
				CLANG_ANALYZER_NUMBER_OBJECT_CONVERSION = YES_AGGRESSIVE;
				CLANG_CXX_LANGUAGE_STANDARD = "gnu++14";
				CLANG_CXX_LIBRARY = "libc++";
				CLANG_ENABLE_MODULES = YES;
				CLANG_ENABLE_OBJC_ARC = YES;
				CLANG_ENABLE_OBJC_WEAK = YES;
				CLANG_WARN_BLOCK_CAPTURE_AUTORELEASING = YES;
				CLANG_WARN_BOOL_CONVERSION = YES;
				CLANG_WARN_COMMA = YES;
				CLANG_WARN_CONSTANT_CONVERSION = YES;
				CLANG_WARN_DEPRECATED_OBJC_IMPLEMENTATIONS = YES;
				CLANG_WARN_DIRECT_OBJC_ISA_USAGE = YES_ERROR;
				CLANG_WARN_DOCUMENTATION_COMMENTS = YES;
				CLANG_WARN_EMPTY_BODY = YES;
				CLANG_WARN_ENUM_CONVERSION = YES;
				CLANG_WARN_INFINITE_RECURSION = YES;
				CLANG_WARN_INT_CONVERSION = YES;
				CLANG_WARN_NON_LITERAL_NULL_CONVERSION = YES;
				CLANG_WARN_OBJC_IMPLICIT_RETAIN_SELF = YES;
				CLANG_WARN_OBJC_LITERAL_CONVERSION = YES;
				CLANG_WARN_OBJC_ROOT_CLASS = YES_ERROR;
				CLANG_WARN_RANGE_LOOP_ANALYSIS = YES;
				CLANG_WARN_STRICT_PROTOTYPES = YES;
				CLANG_WARN_SUSPICIOUS_MOVE = YES;
				CLANG_WARN_UNGUARDED_AVAILABILITY = YES_AGGRESSIVE;
				CLANG_WARN_UNREACHABLE_CODE = YES;
				CLANG_WARN__DUPLICATE_METHOD_MATCH = YES;
				COPY_PHASE_STRIP = NO;
				DEBUG_INFORMATION_FORMAT = "dwarf-with-dsym";
				ENABLE_NS_ASSERTIONS = NO;
				ENABLE_STRICT_OBJC_MSGSEND = YES;
				GCC_C_LANGUAGE_STANDARD = gnu11;
				GCC_NO_COMMON_BLOCKS = YES;
				GCC_WARN_64_TO_32_BIT_CONVERSION = YES;
				GCC_WARN_ABOUT_RETURN_TYPE = YES_ERROR;
				GCC_WARN_UNDECLARED_SELECTOR = YES;
				GCC_WARN_UNINITIALIZED_AUTOS = YES_AGGRESSIVE;
				GCC_WARN_UNUSED_FUNCTION = YES;
				GCC_WARN_UNUSED_VARIABLE = YES;
				IPHONEOS_DEPLOYMENT_TARGET = 13.7;
				MTL_ENABLE_DEBUG_INFO = NO;
				MTL_FAST_MATH = YES;
				SDKROOT = iphoneos;
				VALIDATE_PRODUCT = YES;
			};
			name = Release;
		};
		B0B6476825092DDE00418581 /* Debug */ = {
			isa = XCBuildConfiguration;
			buildSettings = {
				ASSETCATALOG_COMPILER_APPICON_NAME = AppIcon;
				CODE_SIGN_STYLE = Automatic;
				DEVELOPMENT_TEAM = PSH4C5839A;
				INFOPLIST_FILE = KxMemoObjC/Info.plist;
				IPHONEOS_DEPLOYMENT_TARGET = 13.0;
				LD_RUNPATH_SEARCH_PATHS = (
					"$(inherited)",
					"@executable_path/Frameworks",
				);
				PRODUCT_BUNDLE_IDENTIFIER = com.kxcoding.KxMemoObjC;
				PRODUCT_NAME = KxMemo;
				TARGETED_DEVICE_FAMILY = "1,2";
			};
			name = Debug;
		};
		B0B6476925092DDE00418581 /* Release */ = {
			isa = XCBuildConfiguration;
			buildSettings = {
				ASSETCATALOG_COMPILER_APPICON_NAME = AppIcon;
				CODE_SIGN_STYLE = Automatic;
				DEVELOPMENT_TEAM = PSH4C5839A;
				INFOPLIST_FILE = KxMemoObjC/Info.plist;
				IPHONEOS_DEPLOYMENT_TARGET = 13.0;
				LD_RUNPATH_SEARCH_PATHS = (
					"$(inherited)",
					"@executable_path/Frameworks",
				);
				PRODUCT_BUNDLE_IDENTIFIER = com.kxcoding.KxMemoObjC;
				PRODUCT_NAME = KxMemo;
				TARGETED_DEVICE_FAMILY = "1,2";
			};
			name = Release;
		};
/* End XCBuildConfiguration section */

/* Begin XCConfigurationList section */
		B0B6474625092DDC00418581 /* Build configuration list for PBXProject "KxMemoObjC" */ = {
			isa = XCConfigurationList;
			buildConfigurations = (
				B0B6476525092DDE00418581 /* Debug */,
				B0B6476625092DDE00418581 /* Release */,
			);
			defaultConfigurationIsVisible = 0;
			defaultConfigurationName = Release;
		};
		B0B6476725092DDE00418581 /* Build configuration list for PBXNativeTarget "KxMemoObjC" */ = {
			isa = XCConfigurationList;
			buildConfigurations = (
				B0B6476825092DDE00418581 /* Debug */,
				B0B6476925092DDE00418581 /* Release */,
			);
			defaultConfigurationIsVisible = 0;
			defaultConfigurationName = Release;
		};
/* End XCConfigurationList section */

/* Begin XCVersionGroup section */
		B0B6475A25092DDC00418581 /* KxMemoObjC.xcdatamodeld */ = {
			isa = XCVersionGroup;
			children = (
				B0B6475B25092DDC00418581 /* KxMemoObjC.xcdatamodel */,
			);
			currentVersion = B0B6475B25092DDC00418581 /* KxMemoObjC.xcdatamodel */;
			path = KxMemoObjC.xcdatamodeld;
			sourceTree = "<group>";
			versionGroupType = wrapper.xcdatamodel;
		};
/* End XCVersionGroup section */
	};
	rootObject = B0B6474325092DDC00418581 /* Project object */;
}
